
Microsoft Visual Studio Solution File, Format Version 12.00
# Visual Studio Version 16
VisualStudioVersion = 16.0.30413.136
MinimumVisualStudioVersion = 10.0.40219.1
Project("{9A19103F-16F7-4668-BE54-9A1E7A4F7556}") = "BlazorDemo", "BlazorDemo.csproj", "{F4E7195D-10D6-452E-86EF-AF04E3FD8080}"
EndProject
Global
	GlobalSection(SolutionConfigurationPlatforms) = preSolution
		Debug|Any CPU = Debug|Any CPU
		Release|Any CPU = Release|Any CPU
	EndGlobalSection
	GlobalSection(ProjectConfigurationPlatforms) = postSolution
		{F4E7195D-10D6-452E-86EF-AF04E3FD8080}.Debug|Any CPU.ActiveCfg = Debug|Any CPU
		{F4E7195D-10D6-452E-86EF-AF04E3FD8080}.Debug|Any CPU.Build.0 = Debug|Any CPU
		{F4E7195D-10D6-452E-86EF-AF04E3FD8080}.Release|Any CPU.ActiveCfg = Release|Any CPU
		{F4E7195D-10D6-452E-86EF-AF04E3FD8080}.Release|Any CPU.Build.0 = Release|Any CPU
	EndGlobalSection
	GlobalSection(SolutionProperties) = preSolution
		HideSolutionNode = FALSE
	EndGlobalSection
	GlobalSection(ExtensibilityGlobals) = postSolution
		SolutionGuid = {95E74EFE-A598-491E-B39B-E5EF2E5084C5}
	EndGlobalSection
EndGlobal
